// !$*UTF8*$!
{
	archiveVersion = 1;
	classes = {
	};
	objectVersion = 50;
	objects = {

/* Begin PBXBuildFile section */
		9A34EDE7212E458A00C2A4E7 /* AppDelegate.swift in Sources */ = {isa = PBXBuildFile; fileRef = 9A34EDE6212E458A00C2A4E7 /* AppDelegate.swift */; };
		9A34EDE9212E458A00C2A4E7 /* ViewController.swift in Sources */ = {isa = PBXBuildFile; fileRef = 9A34EDE8212E458A00C2A4E7 /* ViewController.swift */; };
		9A34EDEC212E458A00C2A4E7 /* Main.storyboard in Resources */ = {isa = PBXBuildFile; fileRef = 9A34EDEA212E458A00C2A4E7 /* Main.storyboard */; };
		9A34EDEE212E458B00C2A4E7 /* Assets.xcassets in Resources */ = {isa = PBXBuildFile; fileRef = 9A34EDED212E458B00C2A4E7 /* Assets.xcassets */; };
		9A34EDF1212E458B00C2A4E7 /* LaunchScreen.storyboard in Resources */ = {isa = PBXBuildFile; fileRef = 9A34EDEF212E458B00C2A4E7 /* LaunchScreen.storyboard */; };
		9AE3C105212E541C009EF4AC /* SL+UserDefault.swift in Sources */ = {isa = PBXBuildFile; fileRef = 9AE3C104212E541C009EF4AC /* SL+UserDefault.swift */; };
/* End PBXBuildFile section */

/* Begin PBXFileReference section */
		9A34EDE3212E458A00C2A4E7 /* 買い物メモ.app */ = {isa = PBXFileReference; explicitFileType = wrapper.application; includeInIndex = 0; path = "買い物メモ.app"; sourceTree = BUILT_PRODUCTS_DIR; };
		9A34EDE6212E458A00C2A4E7 /* AppDelegate.swift */ = {isa = PBXFileReference; lastKnownFileType = sourcecode.swift; path = AppDelegate.swift; sourceTree = "<group>"; };
		9A34EDE8212E458A00C2A4E7 /* ViewController.swift */ = {isa = PBXFileReference; lastKnownFileType = sourcecode.swift; path = ViewController.swift; sourceTree = "<group>"; };
		9A34EDEB212E458A00C2A4E7 /* Base */ = {isa = PBXFileReference; lastKnownFileType = file.storyboard; name = Base; path = Base.lproj/Main.storyboard; sourceTree = "<group>"; };
		9A34EDED212E458B00C2A4E7 /* Assets.xcassets */ = {isa = PBXFileReference; lastKnownFileType = folder.assetcatalog; path = Assets.xcassets; sourceTree = "<group>"; };
		9A34EDF0212E458B00C2A4E7 /* Base */ = {isa = PBXFileReference; lastKnownFileType = file.storyboard; name = Base; path = Base.lproj/LaunchScreen.storyboard; sourceTree = "<group>"; };
		9A34EDF2212E458B00C2A4E7 /* Info.plist */ = {isa = PBXFileReference; lastKnownFileType = text.plist.xml; path = Info.plist; sourceTree = "<group>"; };
		9AE3C104212E541C009EF4AC /* SL+UserDefault.swift */ = {isa = PBXFileReference; lastKnownFileType = sourcecode.swift; path = "SL+UserDefault.swift"; sourceTree = "<group>"; };
/* End PBXFileReference section */

/* Begin PBXFrameworksBuildPhase section */
		9A34EDE0212E458A00C2A4E7 /* Frameworks */ = {
			isa = PBXFrameworksBuildPhase;
			buildActionMask = 2147483647;
			files = (
			);
			runOnlyForDeploymentPostprocessing = 0;
		};
/* End PBXFrameworksBuildPhase section */

/* Begin PBXGroup section */
		9A34EDDA212E458A00C2A4E7 = {
			isa = PBXGroup;
			children = (
				9A34EDE5212E458A00C2A4E7 /* 買い物メモ */,
				9A34EDE4212E458A00C2A4E7 /* Products */,
			);
			sourceTree = "<group>";
		};
		9A34EDE4212E458A00C2A4E7 /* Products */ = {
			isa = PBXGroup;
			children = (
				9A34EDE3212E458A00C2A4E7 /* 買い物メモ.app */,
			);
			name = Products;
			sourceTree = "<group>";
		};
		9A34EDE5212E458A00C2A4E7 /* 買い物メモ */ = {
			isa = PBXGroup;
			children = (
				9A34EDE6212E458A00C2A4E7 /* AppDelegate.swift */,
				9A34EDE8212E458A00C2A4E7 /* ViewController.swift */,
				9A34EDEA212E458A00C2A4E7 /* Main.storyboard */,
				9A34EDED212E458B00C2A4E7 /* Assets.xcassets */,
				9A34EDEF212E458B00C2A4E7 /* LaunchScreen.storyboard */,
				9A34EDF2212E458B00C2A4E7 /* Info.plist */,
				9AE3C104212E541C009EF4AC /* SL+UserDefault.swift */,
			);
			path = "買い物メモ";
			sourceTree = "<group>";
		};
/* End PBXGroup section */

/* Begin PBXNativeTarget section */
		9A34EDE2212E458A00C2A4E7 /* 買い物メモ */ = {
			isa = PBXNativeTarget;
			buildConfigurationList = 9A34EDF5212E458B00C2A4E7 /* Build configuration list for PBXNativeTarget "買い物メモ" */;
			buildPhases = (
				9A34EDDF212E458A00C2A4E7 /* Sources */,
				9A34EDE0212E458A00C2A4E7 /* Frameworks */,
				9A34EDE1212E458A00C2A4E7 /* Resources */,
			);
			buildRules = (
			);
			dependencies = (
			);
			name = "買い物メモ";
			productName = "買い物メモ";
			productReference = 9A34EDE3212E458A00C2A4E7 /* 買い物メモ.app */;
			productType = "com.apple.product-type.application";
		};
/* End PBXNativeTarget section */

/* Begin PBXProject section */
		9A34EDDB212E458A00C2A4E7 /* Project object */ = {
			isa = PBXProject;
			attributes = {
				CLASSPREFIX = SM;
				LastSwiftUpdateCheck = 0940;
				LastUpgradeCheck = 0940;
				ORGANIZATIONNAME = swift.test;
				TargetAttributes = {
					9A34EDE2212E458A00C2A4E7 = {
						CreatedOnToolsVersion = 9.4.1;
					};
				};
			};
			buildConfigurationList = 9A34EDDE212E458A00C2A4E7 /* Build configuration list for PBXProject "買い物メモ" */;
			compatibilityVersion = "Xcode 9.3";
			developmentRegion = en;
			hasScannedForEncodings = 0;
			knownRegions = (
				en,
				Base,
			);
			mainGroup = 9A34EDDA212E458A00C2A4E7;
			productRefGroup = 9A34EDE4212E458A00C2A4E7 /* Products */;
			projectDirPath = "";
			projectRoot = "";
			targets = (
				9A34EDE2212E458A00C2A4E7 /* 買い物メモ */,
			);
		};
/* End PBXProject section */

/* Begin PBXResourcesBuildPhase section */
		9A34EDE1212E458A00C2A4E7 /* Resources */ = {
			isa = PBXResourcesBuildPhase;
			buildActionMask = 2147483647;
			files = (
				9A34EDF1212E458B00C2A4E7 /* LaunchScreen.storyboard in Resources */,
				9A34EDEE212E458B00C2A4E7 /* Assets.xcassets in Resources */,
				9A34EDEC212E458A00C2A4E7 /* Main.storyboard in Resources */,
			);
			runOnlyForDeploymentPostprocessing = 0;
		};
/* End PBXResourcesBuildPhase section */

/* Begin PBXSourcesBuildPhase section */
		9A34EDDF212E458A00C2A4E7 /* Sources */ = {
			isa = PBXSourcesBuildPhase;
			buildActionMask = 2147483647;
			files = (
				9AE3C105212E541C009EF4AC /* SL+UserDefault.swift in Sources */,
				9A34EDE9212E458A00C2A4E7 /* ViewController.swift in Sources */,
				9A34EDE7212E458A00C2A4E7 /* AppDelegate.swift in Sources */,
			);
			runOnlyForDeploymentPostprocessing = 0;
		};
/* End PBXSourcesBuildPhase section */

/* Begin PBXVariantGroup section */
		9A34EDEA212E458A00C2A4E7 /* Main.storyboard */ = {
			isa = PBXVariantGroup;
			children = (
				9A34EDEB212E458A00C2A4E7 /* Base */,
			);
			name = Main.storyboard;
			sourceTree = "<group>";
		};
		9A34EDEF212E458B00C2A4E7 /* LaunchScreen.storyboard */ = {
			isa = PBXVariantGroup;
			children = (
				9A34EDF0212E458B00C2A4E7 /* Base */,
			);
			name = LaunchScreen.storyboard;
			sourceTree = "<group>";
		};
/* End PBXVariantGroup section */

/* Begin XCBuildConfiguration section */
		9A34EDF3212E458B00C2A4E7 /* Debug */ = {
			isa = XCBuildConfiguration;
			buildSettings = {
				ALWAYS_SEARCH_USER_PATHS = NO;
				CLANG_ANALYZER_NONNULL = YES;
				CLANG_ANALYZER_NUMBER_OBJECT_CONVERSION = YES_AGGRESSIVE;
				CLANG_CXX_LANGUAGE_STANDARD = "gnu++14";
				CLANG_CXX_LIBRARY = "libc++";
				CLANG_ENABLE_MODULES = YES;
				CLANG_ENABLE_OBJC_ARC = YES;
				CLANG_ENABLE_OBJC_WEAK = YES;
				CLANG_WARN_BLOCK_CAPTURE_AUTORELEASING = YES;
				CLANG_WARN_BOOL_CONVERSION = YES;
				CLANG_WARN_COMMA = YES;
				CLANG_WARN_CONSTANT_CONVERSION = YES;
				CLANG_WARN_DEPRECATED_OBJC_IMPLEMENTATIONS = YES;
				CLANG_WARN_DIRECT_OBJC_ISA_USAGE = YES_ERROR;
				CLANG_WARN_DOCUMENTATION_COMMENTS = YES;
				CLANG_WARN_EMPTY_BODY = YES;
				CLANG_WARN_ENUM_CONVERSION = YES;
				CLANG_WARN_INFINITE_RECURSION = YES;
				CLANG_WARN_INT_CONVERSION = YES;
				CLANG_WARN_NON_LITERAL_NULL_CONVERSION = YES;
				CLANG_WARN_OBJC_IMPLICIT_RETAIN_SELF = YES;
				CLANG_WARN_OBJC_LITERAL_CONVERSION = YES;
				CLANG_WARN_OBJC_ROOT_CLASS = YES_ERROR;
				CLANG_WARN_RANGE_LOOP_ANALYSIS = YES;
				CLANG_WARN_STRICT_PROTOTYPES = YES;
				CLANG_WARN_SUSPICIOUS_MOVE = YES;
				CLANG_WARN_UNGUARDED_AVAILABILITY = YES_AGGRESSIVE;
				CLANG_WARN_UNREACHABLE_CODE = YES;
				CLANG_WARN__DUPLICATE_METHOD_MATCH = YES;
				CODE_SIGN_IDENTITY = "iPhone Developer";
				COPY_PHASE_STRIP = NO;
				DEBUG_INFORMATION_FORMAT = dwarf;
				ENABLE_STRICT_OBJC_MSGSEND = YES;
				ENABLE_TESTABILITY = YES;
				GCC_C_LANGUAGE_STANDARD = gnu11;
				GCC_DYNAMIC_NO_PIC = NO;
				GCC_NO_COMMON_BLOCKS = YES;
				GCC_OPTIMIZATION_LEVEL = 0;
				GCC_PREPROCESSOR_DEFINITIONS = (
					"DEBUG=1",
					"$(inherited)",
				);
				GCC_WARN_64_TO_32_BIT_CONVERSION = YES;
				GCC_WARN_ABOUT_RETURN_TYPE = YES_ERROR;
				GCC_WARN_UNDECLARED_SELECTOR = YES;
				GCC_WARN_UNINITIALIZED_AUTOS = YES_AGGRESSIVE;
				GCC_WARN_UNUSED_FUNCTION = YES;
				GCC_WARN_UNUSED_VARIABLE = YES;
				IPHONEOS_DEPLOYMENT_TARGET = 11.4;
				MTL_ENABLE_DEBUG_INFO = YES;
				ONLY_ACTIVE_ARCH = YES;
				SDKROOT = iphoneos;
				SWIFT_ACTIVE_COMPILATION_CONDITIONS = DEBUG;
				SWIFT_OPTIMIZATION_LEVEL = "-Onone";
			};
			name = Debug;
		};
		9A34EDF4212E458B00C2A4E7 /* Release */ = {
			isa = XCBuildConfiguration;
			buildSettings = {
				ALWAYS_SEARCH_USER_PATHS = NO;
				CLANG_ANALYZER_NONNULL = YES;
				CLANG_ANALYZER_NUMBER_OBJECT_CONVERSION = YES_AGGRESSIVE;
				CLANG_CXX_LANGUAGE_STANDARD = "gnu++14";
				CLANG_CXX_LIBRARY = "libc++";
				CLANG_ENABLE_MODULES = YES;
				CLANG_ENABLE_OBJC_ARC = YES;
				CLANG_ENABLE_OBJC_WEAK = YES;
				CLANG_WARN_BLOCK_CAPTURE_AUTORELEASING = YES;
				CLANG_WARN_BOOL_CONVERSION = YES;
				CLANG_WARN_COMMA = YES;
				CLANG_WARN_CONSTANT_CONVERSION = YES;
				CLANG_WARN_DEPRECATED_OBJC_IMPLEMENTATIONS = YES;
				CLANG_WARN_DIRECT_OBJC_ISA_USAGE = YES_ERROR;
				CLANG_WARN_DOCUMENTATION_COMMENTS = YES;
				CLANG_WARN_EMPTY_BODY = YES;
				CLANG_WARN_ENUM_CONVERSION = YES;
				CLANG_WARN_INFINITE_RECURSION = YES;
				CLANG_WARN_INT_CONVERSION = YES;
				CLANG_WARN_NON_LITERAL_NULL_CONVERSION = YES;
				CLANG_WARN_OBJC_IMPLICIT_RETAIN_SELF = YES;
				CLANG_WARN_OBJC_LITERAL_CONVERSION = YES;
				CLANG_WARN_OBJC_ROOT_CLASS = YES_ERROR;
				CLANG_WARN_RANGE_LOOP_ANALYSIS = YES;
				CLANG_WARN_STRICT_PROTOTYPES = YES;
				CLANG_WARN_SUSPICIOUS_MOVE = YES;
				CLANG_WARN_UNGUARDED_AVAILABILITY = YES_AGGRESSIVE;
				CLANG_WARN_UNREACHABLE_CODE = YES;
				CLANG_WARN__DUPLICATE_METHOD_MATCH = YES;
				CODE_SIGN_IDENTITY = "iPhone Developer";
				COPY_PHASE_STRIP = NO;
				DEBUG_INFORMATION_FORMAT = "dwarf-with-dsym";
				ENABLE_NS_ASSERTIONS = NO;
				ENABLE_STRICT_OBJC_MSGSEND = YES;
				GCC_C_LANGUAGE_STANDARD = gnu11;
				GCC_NO_COMMON_BLOCKS = YES;
				GCC_WARN_64_TO_32_BIT_CONVERSION = YES;
				GCC_WARN_ABOUT_RETURN_TYPE = YES_ERROR;
				GCC_WARN_UNDECLARED_SELECTOR = YES;
				GCC_WARN_UNINITIALIZED_AUTOS = YES_AGGRESSIVE;
				GCC_WARN_UNUSED_FUNCTION = YES;
				GCC_WARN_UNUSED_VARIABLE = YES;
				IPHONEOS_DEPLOYMENT_TARGET = 11.4;
				MTL_ENABLE_DEBUG_INFO = NO;
				SDKROOT = iphoneos;
				SWIFT_COMPILATION_MODE = wholemodule;
				SWIFT_OPTIMIZATION_LEVEL = "-O";
				VALIDATE_PRODUCT = YES;
			};
			name = Release;
		};
		9A34EDF6212E458B00C2A4E7 /* Debug */ = {
			isa = XCBuildConfiguration;
			buildSettings = {
				ASSETCATALOG_COMPILER_APPICON_NAME = AppIcon;
				CODE_SIGN_STYLE = Manual;
				DEVELOPMENT_TEAM = 83J5748TKW;
				INFOPLIST_FILE = "買い物メモ/Info.plist";
				LD_RUNPATH_SEARCH_PATHS = (
					"$(inherited)",
					"@executable_path/Frameworks",
				);
				PRODUCT_BUNDLE_IDENTIFIER = "jp.shopping-memo.co";
				PRODUCT_NAME = "$(TARGET_NAME)";
				PROVISIONING_PROFILE = "6c4d6e49-a65f-45d9-9c2f-03b0bf8a00a3";
				PROVISIONING_PROFILE_SPECIFIER = "Shopping Memo";
				SWIFT_VERSION = 4.0;
				TARGETED_DEVICE_FAMILY = "1,2";
			};
			name = Debug;
		};
		9A34EDF7212E458B00C2A4E7 /* Release */ = {
			isa = XCBuildConfiguration;
			buildSettings = {
				ASSETCATALOG_COMPILER_APPICON_NAME = AppIcon;
				CODE_SIGN_STYLE = Manual;
				DEVELOPMENT_TEAM = 83J5748TKW;
				INFOPLIST_FILE = "買い物メモ/Info.plist";
				LD_RUNPATH_SEARCH_PATHS = (
					"$(inherited)",
					"@executable_path/Frameworks",
				);
				PRODUCT_BUNDLE_IDENTIFIER = "jp.shopping-memo.co";
				PRODUCT_NAME = "$(TARGET_NAME)";
				PROVISIONING_PROFILE = "6c4d6e49-a65f-45d9-9c2f-03b0bf8a00a3";
				PROVISIONING_PROFILE_SPECIFIER = "Shopping Memo";
				SWIFT_VERSION = 4.0;
				TARGETED_DEVICE_FAMILY = "1,2";
			};
			name = Release;
		};
/* End XCBuildConfiguration section */

/* Begin XCConfigurationList section */
		9A34EDDE212E458A00C2A4E7 /* Build configuration list for PBXProject "買い物メモ" */ = {
			isa = XCConfigurationList;
			buildConfigurations = (
				9A34EDF3212E458B00C2A4E7 /* Debug */,
				9A34EDF4212E458B00C2A4E7 /* Release */,
			);
			defaultConfigurationIsVisible = 0;
			defaultConfigurationName = Release;
		};
		9A34EDF5212E458B00C2A4E7 /* Build configuration list for PBXNativeTarget "買い物メモ" */ = {
			isa = XCConfigurationList;
			buildConfigurations = (
				9A34EDF6212E458B00C2A4E7 /* Debug */,
				9A34EDF7212E458B00C2A4E7 /* Release */,
			);
			defaultConfigurationIsVisible = 0;
			defaultConfigurationName = Release;
		};
/* End XCConfigurationList section */
	};
	rootObject = 9A34EDDB212E458A00C2A4E7 /* Project object */;
}
